
Microsoft Visual Studio Solution File, Format Version 12.00
# Visual Studio 15
VisualStudioVersion = 15.0.28307.572
MinimumVisualStudioVersion = 10.0.40219.1
Project("{FAE04EC0-301F-11D3-BF4B-00C04F79EFBC}") = "DeliveryDateFunction", "DeliveryDateFunction\DeliveryDateFunction.csproj", "{07219185-7C07-4B78-902D-58FCE8DA1BAB}"
EndProject
Global
	GlobalSection(SolutionConfigurationPlatforms) = preSolution
		Debug|Any CPU = Debug|Any CPU
		Release|Any CPU = Release|Any CPU
	EndGlobalSection
	GlobalSection(ProjectConfigurationPlatforms) = postSolution
		{07219185-7C07-4B78-902D-58FCE8DA1BAB}.Debug|Any CPU.ActiveCfg = Debug|Any CPU
		{07219185-7C07-4B78-902D-58FCE8DA1BAB}.Debug|Any CPU.Build.0 = Debug|Any CPU
		{07219185-7C07-4B78-902D-58FCE8DA1BAB}.Release|Any CPU.ActiveCfg = Release|Any CPU
		{07219185-7C07-4B78-902D-58FCE8DA1BAB}.Release|Any CPU.Build.0 = Release|Any CPU
	EndGlobalSection
	GlobalSection(SolutionProperties) = preSolution
		HideSolutionNode = FALSE
	EndGlobalSection
	GlobalSection(ExtensibilityGlobals) = postSolution
		SolutionGuid = {5F90EB83-7A67-4D1D-B879-EBD34881314D}
	EndGlobalSection
EndGlobal
